
Microsoft Visual Studio Solution File, Format Version 12.00
# Visual Studio 15
VisualStudioVersion = 15.0.28307.329
MinimumVisualStudioVersion = 10.0.40219.1
Project("{9A19103F-16F7-4668-BE54-9A1E7A4F7556}") = "SudokuWeb", "SudokuWeb\SudokuWeb.csproj", "{C31B7BB5-77F3-467D-A4FF-8B41FD691980}"
EndProject
Project("{FAE04EC0-301F-11D3-BF4B-00C04F79EFBC}") = "SudokuWeb.Test", "SudokuWeb.Test\SudokuWeb.Test.csproj", "{6E7E6EEA-8EB7-4999-82D0-74AD71B18C86}"
EndProject
Global
	GlobalSection(SolutionConfigurationPlatforms) = preSolution
		Debug|Any CPU = Debug|Any CPU
		Release|Any CPU = Release|Any CPU
	EndGlobalSection
	GlobalSection(ProjectConfigurationPlatforms) = postSolution
		{C31B7BB5-77F3-467D-A4FF-8B41FD691980}.Debug|Any CPU.ActiveCfg = Debug|Any CPU
		{C31B7BB5-77F3-467D-A4FF-8B41FD691980}.Debug|Any CPU.Build.0 = Debug|Any CPU
		{C31B7BB5-77F3-467D-A4FF-8B41FD691980}.Release|Any CPU.ActiveCfg = Release|Any CPU
		{C31B7BB5-77F3-467D-A4FF-8B41FD691980}.Release|Any CPU.Build.0 = Release|Any CPU
		{6E7E6EEA-8EB7-4999-82D0-74AD71B18C86}.Debug|Any CPU.ActiveCfg = Debug|Any CPU
		{6E7E6EEA-8EB7-4999-82D0-74AD71B18C86}.Debug|Any CPU.Build.0 = Debug|Any CPU
		{6E7E6EEA-8EB7-4999-82D0-74AD71B18C86}.Release|Any CPU.ActiveCfg = Release|Any CPU
		{6E7E6EEA-8EB7-4999-82D0-74AD71B18C86}.Release|Any CPU.Build.0 = Release|Any CPU
	EndGlobalSection
	GlobalSection(SolutionProperties) = preSolution
		HideSolutionNode = FALSE
	EndGlobalSection
	GlobalSection(ExtensibilityGlobals) = postSolution
		SolutionGuid = {21E08ADF-1C16-4D05-B398-BE2D444E0D5B}
	EndGlobalSection
EndGlobal
